{
  "version": 4,
  "terraform_version": "1.16.1",
  "serial": 8,
  "lineage": "e94bb08f-3074-a6e5-5e66-539ff1c2a367",
  "outputs": {
    "registry_url": {
      "value": "asia-south1-docker.pkg.dev/project-10094705-9153-43d5-bb8/my-app-repo",
      "type": "string"
    }
  },
  "resources": [
    {
      "mode": "managed",
      "type": "google_artifact_registry_repository",
      "name": "my_app_repo",
      "provider": "provider[\"registry.terraform.io/hashicorp/google\"]",
      "instances": [
        {
          "schema_version": 0,
          "attributes": {
            "cleanup_policies": [],
            "cleanup_policy_dry_run": false,
            "create_time": "2026-09-24T08:15:51.724461Z",
            "deletion_policy": "DELETE",
            "description": "",
            "docker_config": [],
            "effective_labels": {
              "goog-terraform-provisioned": "true"
            },
            "format": "DOCKER",
            "id": "projects/project-10094705-9153-43d5-bb8/locations/asia-south1/repositories/my-app-repo",
            "kms_key_name": "",
            "labels": null,
            "location": "asia-south1",
            "maven_config": [],
            "mode": "STANDARD_REPOSITORY",
            "name": "my-app-repo",
            "project": "project-10094705-9153-43d5-bb8",
            "registry_uri": "asia-south1-docker.pkg.dev/project-10094705-9153-43d5-bb8/my-app-repo",
            "remote_repository_config": [],
            "repository_id": "my-app-repo",
            "terraform_labels": {
              "goog-terraform-provisioned": "true"
            },
            "timeouts": null,
            "update_time": "2026-09-24T08:15:51.724461Z",
            "virtual_repository_config": [],
            "vulnerability_scanning_config": [
              {
                "enablement_config": "",
                "enablement_state": "SCANNING_DISABLED",
                "enablement_state_reason": "API containerscanning.googleapis.com is not enabled."
              }
            ]
          },
          "sensitive_attributes": [],
          "identity_schema_version": 1,
          "identity": {
            "location": "asia-south1",
            "project": "project-10094705-9153-43d5-bb8",
            "repository_id": "my-app-repo"
          },
          "private": "eyJlMmJmYjczMC1lY2FhLTExZTYtOGY4OC0zNDM2M2JjN2M0YzAiOnsiY3JlYXRlIjoxMjAwMDAwMDAwMDAwLCJkZWxldGUiOjEyMDAwMDAwMDAwMDAsInVwZGF0ZSI6MTIwMDAwMDAwMDAwMH19"
        }
      ]
    },
    {
      "mode": "managed",
      "type": "google_container_cluster",
      "name": "primary",
      "provider": "provider[\"registry.terraform.io/hashicorp/google\"]",
      "instances": [
        {
          "schema_version": 2,
          "attributes": {
            "addons_config": [
              {
                "agent_sandbox_config": [],
                "cloudrun_config": [],
                "config_connector_config": [],
                "dns_cache_config": [
                  {
                    "enabled": true
                  }
                ],
                "gce_persistent_disk_csi_driver_config": [
                  {
                    "enabled": true
                  }
                ],
                "gcp_filestore_csi_driver_config": [],
                "gcs_fuse_csi_driver_config": [],
                "gke_backup_agent_config": [],
                "high_scale_checkpointing_config": [],
                "horizontal_pod_autoscaling": [],
                "http_load_balancing": [],
                "lustre_csi_driver_config": [],
                "network_policy_config": [
                  {
                    "disabled": true
                  }
                ],
                "node_readiness_config": [
                  {
                    "enabled": false
                  }
                ],
                "parallelstore_csi_driver_config": [],
                "pod_snapshot_config": [],
                "ray_operator_config": [],
                "slice_controller_config": [],
                "slurm_operator_config": [],
                "stateful_ha_config": []
              }
            ],
            "allow_net_admin": null,
            "anonymous_authentication_config": [
              {
                "mode": "LIMITED"
              }
            ],
            "authenticator_groups_config": [],
            "autopilot_cluster_policy_config": null,
            "autopilot_privileged_admission": [],
            "binary_authorization": [
              {
                "enabled": false,
                "evaluation_mode": ""
              }
            ],
            "cluster_autoscaling": [
              {
                "auto_provisioning_defaults": [
                  {
                    "boot_disk_kms_key": "",
                    "disk_size": 0,
                    "disk_type": "",
                    "image_type": "COS_CONTAINERD",
                    "management": [
                      {
                        "auto_repair": true,
                        "auto_upgrade": true,
                        "upgrade_options": []
                      }
                    ],
                    "min_cpu_platform": "",
                    "oauth_scopes": [
                      "https://www.googleapis.com/auth/devstorage.read_only",
                      "https://www.googleapis.com/auth/logging.write",
                      "https://www.googleapis.com/auth/monitoring",
                      "https://www.googleapis.com/auth/service.management.readonly",
                      "https://www.googleapis.com/auth/servicecontrol",
                      "https://www.googleapis.com/auth/trace.append"
                    ],
                    "service_account": "default",
                    "shielded_instance_config": [],
                    "upgrade_settings": []
                  }
                ],
                "auto_provisioning_locations": [],
                "autoscaling_profile": "BALANCED",
                "default_compute_class_enabled": false,
                "enabled": false,
                "resource_limits": []
              }
            ],
            "cluster_ipv4_cidr": "10.120.0.0/14",
            "confidential_nodes": [],
            "control_plane_endpoints_config": [
              {
                "dns_endpoint_config": [
                  {
                    "allow_external_traffic": false,
                    "enable_k8s_certs_via_dns": false,
                    "enable_k8s_tokens_via_dns": false,
                    "endpoint": "gke-63a88e46c48b442f9c931926e999285b7abc-645491051550.asia-south1-a.gke.goog"
                  }
                ],
                "ip_endpoints_config": [
                  {
                    "enabled": true
                  }
                ]
              }
            ],
            "cost_management_config": [],
            "database_encryption": [
              {
                "key_name": "",
                "state": "DECRYPTED"
              }
            ],
            "datapath_provider": "",
            "dataplane_optimization_mode": null,
            "default_max_pods_per_node": 110,
            "default_snat_status": [
              {
                "disabled": false
              }
            ],
            "deletion_policy": "DELETE",
            "deletion_protection": false,
            "description": "",
            "desired_emulated_version": null,
            "disable_l4_lb_firewall_reconciliation": false,
            "dns_config": [],
            "effective_labels": {
              "goog-terraform-provisioned": "true"
            },
            "emulated_version": "",
            "enable_autopilot": false,
            "enable_cilium_clusterwide_network_policy": false,
            "enable_fqdn_network_policy": false,
            "enable_intranode_visibility": false,
            "enable_k8s_beta_apis": [],
            "enable_kubernetes_alpha": false,
            "enable_l4_ilb_subsetting": false,
            "enable_legacy_abac": false,
            "enable_multi_networking": false,
            "enable_shielded_nodes": true,
            "enable_tpu": false,
            "endpoint": "34.93.93.139",
            "enterprise_config": [
              {
                "cluster_tier": "STANDARD",
                "desired_tier": ""
              }
            ],
            "fleet": [],
            "gateway_api_config": [],
            "gke_auto_upgrade_config": [],
            "id": "projects/project-10094705-9153-43d5-bb8/locations/asia-south1-a/clusters/jenkins-cluster",
            "identity_service_config": [],
            "ignore_node_count_changes": null,
            "in_transit_encryption_config": "",
            "initial_node_count": 2,
            "ip_allocation_policy": [
              {
                "additional_ip_ranges_config": [],
                "additional_pod_ranges_config": [],
                "auto_ipam_config": [],
                "cluster_ipv4_cidr_block": "10.120.0.0/14",
                "cluster_secondary_range_name": "gke-jenkins-cluster-pods-63a88e46",
                "network_tier_config": [
                  {
                    "network_tier": "NETWORK_TIER_DEFAULT"
                  }
                ],
                "pod_cidr_overprovision_config": [
                  {
                    "disabled": false
                  }
                ],
                "services_ipv4_cidr_block": "34.118.224.0/20",
                "services_secondary_range_name": "",
                "stack_type": "IPV4"
              }
            ],
            "label_fingerprint": "78cdf2f6",
            "location": "asia-south1-a",
            "logging_config": [
              {
                "enable_components": [
                  "SYSTEM_COMPONENTS",
                  "WORKLOADS"
                ]
              }
            ],
            "logging_service": "logging.googleapis.com/kubernetes",
            "maintenance_policy": [],
            "master_auth": [
              {
                "client_certificate": "",
                "client_certificate_config": [
                  {
                    "issue_client_certificate": false
                  }
                ],
                "client_key": "",
                "cluster_ca_certificate": "LS0tLS1CRUdJTiBDRVJUSUZJQ0FURS0tLS0tCk1JSUVMVENDQXBXZ0F3SUJBZ0lSQVBIR2I3OEg4UGFSTE1FektuT2R0MVV3RFFZSktvWklodmNOQVFFTEJRQXcKTHpFdE1Dc0dBMVVFQXhNa1pXWXlPREk1TldFdE1qTTJOaTAwWTJVekxXRmhObVl0TURNMU0yWTJaVGt6WVRoawpNQ0FYRFRJMk1Ea3lOREEzTVRVMU1sb1lEekl3TlRZd09URTJNRGd4TlRVeVdqQXZNUzB3S3dZRFZRUURFeVJsClpqSTRNamsxWVMweU16WTJMVFJqWlRNdFlXRTJaaTB3TXpVelpqWmxPVE5oT0dRd2dnR2lNQTBHQ1NxR1NJYjMKRFFFQkFRVUFBNElCandBd2dnR0tBb0lCZ1FDbm9yUUJXTTJBWjVBMmNFbGk3YkxXTnBTVlZBclZIZm1FazJadAp4bEs3dVA4eFZNakxseE4ybDJLOUZvTDVSazFlNzJVVzZEQVhDdGVrL0tHbk5PdXkvTjFBRzN6Y0kxQVROLzlNCmZLdmpScG5rRXZPUHBoRno4aTVtUzl2RTVxMlJBZGU4anVYWVh4TkdlR2xJWUE1U1lialZWS056WmhYMnRRUUcKNGk3cm16a1diSjF2ZXFydytlY1lvOUxxRWZMQXRGOVI2QTJweGxNSERqK24wVWdBSVFDd3VvdUVBZE8zUE1TRQpIbTFiUDk1TmthYVJHaGxUR0FJcUJIOWxLdGlpZDJQLy9iOUxSZzlGT0lCY0Rpb1hoaCs4M1doVWwyU0tvTlM0Cnd2ckdIT1lSanVyUzQrL0Nkb1dmSjUzbnNaZGVjMlJpeXVNSjc5RXc0dGw5b2x1WVNFUitIQ2prWUIrWUNEbk8KR3UzZldIdkwzNGZaRm11VER3dE12OUl4Nk5WVXR2R1R6amtqSHhIYzB0c2t4Tk45Z2tlQzdiQ2hpNXJ6Rnp0KwpBZk1kWDZ2c05Cb2tvMk40NVp4dnhrZzFrdmtqNlArY0dSWlQ3UUZYWURxUzBVYTFicDVkL3hBVlROYlZTd3pDCkFObFpSTjFSbkhwenQ3VlI4V05YQVRWeHJhVUNBd0VBQWFOQ01FQXdEZ1lEVlIwUEFRSC9CQVFEQWdJRU1BOEcKQTFVZEV3RUIvd1FGTUFNQkFmOHdIUVlEVlIwT0JCWUVGTy81eTRtTVkyL054QlJGNlNuK2FLWHc5WXkvTUEwRwpDU3FHU0liM0RRRUJDd1VBQTRJQmdRQVpsUFgrTVhZalJrclV1cmh0UG8vOWpkcndKU0lZUEhuUVpXcGNxVE12CmFuOEkxUnJXcU9HMmVYQlpBTVc3V1Z2TDNQZUsvVVFCVHR5Z1NTdTdnWFVtRFNVNi9iUDVvMFBoaUppeHYxdTIKeFRmVjF4djFPRy95NXRucHJzMzRsZWdta1FHaVEvcm5YQy9NTk1XdzNBZTcya3J0TVpyTGFtQUl5MTdWaTNFRwpzTDNodTZIVEFReHlWeVd4ZDMxY3ZmbHp3a0tqb2FUSDBvVncvOHp6ZC9DbnVTRkZvVlBka0h6bm1UaEkrSGJGCnRTVmVqc3hqbmtoTi9PUGJsclFJWG1ET2lTZ29Gc2xlb3dWQzVrVFBxTkNzZEpVeVhVUmdOWFN3clk2NFFSVVIKMnJlaDVOdE1TblR1UmdOTUpnWEVBMEVHNlNCLzRRTTRYRjBTTjkrKzlEc2ZLYzBJb0RDc0xaeVY2d2FITE0wawpMandQZXp4eStmbVdSWWFrNW5sN0luTzN3SmpJWXJHQzNCdFBSNHJiU05vWlhmelB5RjErWDlXdlI2TGg2cGc3Cjl2SkxZOHl3SDhkc2xKRW0zZVBOUzc1Tm0rQ1hzakhiKzF6NUdoa3dlbEtHekVlTTB2cVVvUzZUenF1TzhjSWYKRWxpY1g3dDJaNFJ2cDV6VHp5MUV5VVE9Ci0tLS0tRU5EIENFUlRJRklDQVRFLS0tLS0K"
              }
            ],
            "master_authorized_networks_config": [],
            "master_version": "1.35.8-gke.1036000",
            "mesh_certificates": [],
            "min_master_version": null,
            "monitoring_config": [
              {
                "advanced_datapath_observability_config": [
                  {
                    "enable_metrics": false,
                    "enable_relay": false
                  }
                ],
                "enable_components": [
                  "CADVISOR",
                  "DAEMONSET",
                  "DCGM",
                  "DEPLOYMENT",
                  "HPA",
                  "JOBSET",
                  "KUBELET",
                  "POD",
                  "STATEFULSET",
                  "STORAGE",
                  "SYSTEM_COMPONENTS"
                ],
                "managed_prometheus": [
                  {
                    "auto_monitoring_config": [],
                    "enabled": true
                  }
                ]
              }
            ],
            "monitoring_service": "monitoring.googleapis.com/kubernetes",
            "name": "jenkins-cluster",
            "network": "projects/project-10094705-9153-43d5-bb8/global/networks/default",
            "network_performance_config": [],
            "network_policy": [
              {
                "enabled": false,
                "provider": "PROVIDER_UNSPECIFIED"
              }
            ],
            "networking_mode": "VPC_NATIVE",
            "node_config": [
              {
                "advanced_machine_features": [],
                "boot_disk": [
                  {
                    "disk_type": "pd-balanced",
                    "provisioned_iops": 0,
                    "provisioned_throughput": 0,
                    "size_gb": 30
                  }
                ],
                "boot_disk_kms_key": "",
                "confidential_nodes": [],
                "containerd_config": [],
                "disk_size_gb": 30,
                "disk_type": "pd-balanced",
                "effective_taints": [],
                "enable_confidential_storage": false,
                "ephemeral_storage_local_ssd_config": [],
                "fast_socket": [],
                "flex_start": false,
                "gcfs_config": [],
                "gpudirect_strategy": "",
                "guest_accelerator": [],
                "gvnic": [],
                "image_type": "COS_CONTAINERD",
                "kubelet_config": [
                  {
                    "allowed_unsafe_sysctls": [],
                    "container_log_max_files": 0,
                    "container_log_max_size": "",
                    "cpu_cfs_quota": false,
                    "cpu_cfs_quota_period": "",
                    "cpu_manager_policy": "",
                    "crash_loop_back_off": [],
                    "eviction_max_pod_grace_period_seconds": 0,
                    "eviction_minimum_reclaim": [],
                    "eviction_soft": [],
                    "eviction_soft_grace_period": [],
                    "image_gc_high_threshold_percent": 0,
                    "image_gc_low_threshold_percent": 0,
                    "image_maximum_gc_age": "",
                    "image_minimum_gc_age": "",
                    "insecure_kubelet_readonly_port_enabled": "FALSE",
                    "max_parallel_image_pulls": 2,
                    "memory_manager": [],
                    "pod_pids_limit": 0,
                    "shutdown_grace_period_critical_pods_seconds": 0,
                    "shutdown_grace_period_seconds": 0,
                    "single_process_oom_kill": false,
                    "topology_manager": []
                  }
                ],
                "labels": {},
                "linux_node_config": [],
                "local_nvme_ssd_block_config": [],
                "local_ssd_count": 0,
                "local_ssd_encryption_mode": "",
                "logging_variant": "DEFAULT",
                "machine_type": "e2-medium",
                "max_run_duration": "",
                "metadata": {
                  "disable-legacy-endpoints": "true"
                },
                "min_cpu_platform": "",
                "node_group": "",
                "node_image_config": [
                  {
                    "image": "gke-1358-gke1036000-cos-125-19216-532-123-c-pre",
                    "image_project": "gke-node-images"
                  }
                ],
                "oauth_scopes": [
                  "https://www.googleapis.com/auth/cloud-platform"
                ],
                "preemptible": false,
                "reservation_affinity": [],
                "resource_labels": {
                  "goog-gke-node-pool-provisioning-model": "on-demand"
                },
                "resource_manager_tags": null,
                "sandbox_config": [],
                "secondary_boot_disks": [],
                "service_account": "default",
                "shielded_instance_config": [
                  {
                    "enable_integrity_monitoring": true,
                    "enable_secure_boot": false
                  }
                ],
                "sole_tenant_config": [],
                "spot": false,
                "storage_pools": null,
                "tags": null,
                "taint": [],
                "taint_config": [],
                "windows_node_config": [
                  {
                    "osversion": ""
                  }
                ],
                "workload_metadata_config": [
                  {
                    "mode": "GKE_METADATA"
                  }
                ]
              }
            ],
            "node_creation_config": [
              {
                "node_creation_mode": "VIA_KUBELET"
              }
            ],
            "node_locations": [],
            "node_pool": [
              {
                "autoscaling": [],
                "ignore_node_count_changes": false,
                "initial_node_count": 2,
                "instance_group_urls": [
                  "https://www.googleapis.com/compute/v1/projects/project-10094705-9153-43d5-bb8/zones/asia-south1-a/instanceGroupManagers/gke-jenkins-cluster-default-pool-436188c2-grp"
                ],
                "maintenance_policy": [],
                "managed_instance_group_urls": [
                  "https://www.googleapis.com/compute/v1/projects/project-10094705-9153-43d5-bb8/zones/asia-south1-a/instanceGroups/gke-jenkins-cluster-default-pool-436188c2-grp"
                ],
                "management": [
                  {
                    "auto_repair": true,
                    "auto_upgrade": true
                  }
                ],
                "max_pods_per_node": 110,
                "name": "default-pool",
                "name_prefix": "",
                "network_config": [
                  {
                    "accelerator_network_profile": "",
                    "additional_node_network_configs": [],
                    "additional_pod_network_configs": [],
                    "create_pod_range": false,
                    "enable_private_nodes": false,
                    "network_performance_config": [],
                    "pod_cidr_overprovision_config": [],
                    "pod_ipv4_cidr_block": "10.120.0.0/14",
                    "pod_range": "gke-jenkins-cluster-pods-63a88e46",
                    "subnetwork": "projects/project-10094705-9153-43d5-bb8/regions/asia-south1/subnetworks/default"
                  }
                ],
                "node_config": [
                  {
                    "advanced_machine_features": [],
                    "boot_disk": [
                      {
                        "disk_type": "pd-balanced",
                        "provisioned_iops": 0,
                        "provisioned_throughput": 0,
                        "size_gb": 30
                      }
                    ],
                    "boot_disk_kms_key": "",
                    "confidential_nodes": [],
                    "containerd_config": [],
                    "disk_size_gb": 30,
                    "disk_type": "pd-balanced",
                    "effective_taints": [],
                    "enable_confidential_storage": false,
                    "ephemeral_storage_local_ssd_config": [],
                    "fast_socket": [],
                    "flex_start": false,
                    "gcfs_config": [],
                    "gpudirect_strategy": "",
                    "guest_accelerator": [],
                    "gvnic": [],
                    "image_type": "COS_CONTAINERD",
                    "kubelet_config": [
                      {
                        "allowed_unsafe_sysctls": [],
                        "container_log_max_files": 0,
                        "container_log_max_size": "",
                        "cpu_cfs_quota": false,
                        "cpu_cfs_quota_period": "",
                        "cpu_manager_policy": "",
                        "crash_loop_back_off": [],
                        "eviction_max_pod_grace_period_seconds": 0,
                        "eviction_minimum_reclaim": [],
                        "eviction_soft": [],
                        "eviction_soft_grace_period": [],
                        "image_gc_high_threshold_percent": 0,
                        "image_gc_low_threshold_percent": 0,
                        "image_maximum_gc_age": "",
                        "image_minimum_gc_age": "",
                        "insecure_kubelet_readonly_port_enabled": "FALSE",
                        "max_parallel_image_pulls": 2,
                        "memory_manager": [],
                        "pod_pids_limit": 0,
                        "shutdown_grace_period_critical_pods_seconds": 0,
                        "shutdown_grace_period_seconds": 0,
                        "single_process_oom_kill": false,
                        "topology_manager": []
                      }
                    ],
                    "labels": {},
                    "linux_node_config": [],
                    "local_nvme_ssd_block_config": [],
                    "local_ssd_count": 0,
                    "local_ssd_encryption_mode": "",
                    "logging_variant": "DEFAULT",
                    "machine_type": "e2-medium",
                    "max_run_duration": "",
                    "metadata": {
                      "disable-legacy-endpoints": "true"
                    },
                    "min_cpu_platform": "",
                    "node_group": "",
                    "node_image_config": [
                      {
                        "image": "gke-1358-gke1036000-cos-125-19216-532-123-c-pre",
                        "image_project": "gke-node-images"
                      }
                    ],
                    "oauth_scopes": [
                      "https://www.googleapis.com/auth/cloud-platform"
                    ],
                    "preemptible": false,
                    "reservation_affinity": [],
                    "resource_labels": {
                      "goog-gke-node-pool-provisioning-model": "on-demand"
                    },
                    "resource_manager_tags": {},
                    "sandbox_config": [],
                    "secondary_boot_disks": [],
                    "service_account": "default",
                    "shielded_instance_config": [
                      {
                        "enable_integrity_monitoring": true,
                        "enable_secure_boot": false
                      }
                    ],
                    "sole_tenant_config": [],
                    "spot": false,
                    "storage_pools": [],
                    "tags": [],
                    "taint": [],
                    "taint_config": [],
                    "windows_node_config": [
                      {
                        "osversion": ""
                      }
                    ],
                    "workload_metadata_config": [
                      {
                        "mode": "GKE_METADATA"
                      }
                    ]
                  }
                ],
                "node_count": 2,
                "node_drain_config": [],
                "node_locations": [
                  "asia-south1-a"
                ],
                "placement_policy": [],
                "queued_provisioning": [],
                "upgrade_settings": [
                  {
                    "blue_green_settings": [],
                    "max_surge": 1,
                    "max_unavailable": 0,
                    "strategy": "SURGE"
                  }
                ],
                "version": "1.35.8-gke.1036000"
              }
            ],
            "node_pool_auto_config": [
              {
                "linux_node_config": [],
                "network_tags": [],
                "node_kubelet_config": [
                  {
                    "insecure_kubelet_readonly_port_enabled": "FALSE"
                  }
                ],
                "resource_manager_tags": {}
              }
            ],
            "node_pool_defaults": [
              {
                "node_config_defaults": [
                  {
                    "containerd_config": [],
                    "gcfs_config": [],
                    "insecure_kubelet_readonly_port_enabled": "FALSE",
                    "logging_variant": "DEFAULT"
                  }
                ]
              }
            ],
            "node_version": "1.35.8-gke.1036000",
            "notification_config": [
              {
                "pubsub": [
                  {
                    "enabled": false,
                    "filter": [],
                    "topic": ""
                  }
                ]
              }
            ],
            "operation": null,
            "pod_autoscaling": [
              {
                "hpa_profile": "PERFORMANCE"
              }
            ],
            "private_cluster_config": [
              {
                "enable_private_endpoint": false,
                "enable_private_nodes": false,
                "master_global_access_config": [
                  {
                    "enabled": false
                  }
                ],
                "master_ipv4_cidr_block": "",
                "peering_name": "",
                "private_endpoint": "10.160.0.8",
                "private_endpoint_subnetwork": "",
                "public_endpoint": "34.93.93.139"
              }
            ],
            "private_ipv6_google_access": "",
            "project": "project-10094705-9153-43d5-bb8",
            "rbac_binding_config": [
              {
                "enable_insecure_binding_system_authenticated": true,
                "enable_insecure_binding_system_unauthenticated": true
              }
            ],
            "release_channel": [
              {
                "channel": "REGULAR"
              }
            ],
            "remove_default_node_pool": null,
            "resource_labels": null,
            "resource_usage_export_config": [],
            "rollback_safe_upgrade": [],
            "secret_manager_config": [
              {
                "enabled": false,
                "rotation_config": []
              }
            ],
            "secret_sync_config": [
              {
                "enabled": false,
                "rotation_config": []
              }
            ],
            "security_posture_config": [
              {
                "mode": "BASIC",
                "vulnerability_mode": "VULNERABILITY_MODE_UNSPECIFIED"
              }
            ],
            "self_link": "https://container.googleapis.com/v1/projects/project-10094705-9153-43d5-bb8/zones/asia-south1-a/clusters/jenkins-cluster",
            "service_external_ips_config": [
              {
                "enabled": false
              }
            ],
            "services_ipv4_cidr": "34.118.224.0/20",
            "skip_node_pool_refresh": null,
            "subnetwork": "projects/project-10094705-9153-43d5-bb8/regions/asia-south1/subnetworks/default",
            "terraform_labels": {
              "goog-terraform-provisioned": "true"
            },
            "timeouts": null,
            "tpu_ipv4_cidr_block": "",
            "user_managed_keys_config": [],
            "vertical_pod_autoscaling": [],
            "workload_identity_config": [
              {
                "workload_pool": "project-10094705-9153-43d5-bb8.svc.id.goog"
              }
            ]
          },
          "sensitive_attributes": [
            [
              {
                "type": "get_attr",
                "value": "master_auth"
              },
              {
                "type": "index",
                "value": {
                  "value": 0,
                  "type": "number"
                }
              },
              {
                "type": "get_attr",
                "value": "client_key"
              }
            ]
          ],
          "identity_schema_version": 0,
          "private": "eyJlMmJmYjczMC1lY2FhLTExZTYtOGY4OC0zNDM2M2JjN2M0YzAiOnsiY3JlYXRlIjo1NDAwMDAwMDAwMDAwLCJkZWxldGUiOjU0MDAwMDAwMDAwMDAsInJlYWQiOjU0MDAwMDAwMDAwMDAsInVwZGF0ZSI6NTQwMDAwMDAwMDAwMH0sInNjaGVtYV92ZXJzaW9uIjoiMiJ9"
        }
      ]
    },
    {
      "mode": "managed",
      "type": "google_project_iam_member",
      "name": "jenkins_artifact_writer",
      "provider": "provider[\"registry.terraform.io/hashicorp/google\"]",
      "instances": [
        {
          "schema_version": 0,
          "attributes": {
            "condition": [],
            "etag": "BwZcNjZ0l1k=",
            "id": "project-10094705-9153-43d5-bb8/roles/artifactregistry.writer/serviceAccount:jenkins-workload-sa@project-10094705-9153-43d5-bb8.iam.gserviceaccount.com",
            "member": "serviceAccount:jenkins-workload-sa@project-10094705-9153-43d5-bb8.iam.gserviceaccount.com",
            "project": "project-10094705-9153-43d5-bb8",
            "role": "roles/artifactregistry.writer"
          },
          "sensitive_attributes": [],
          "identity_schema_version": 1,
          "identity": {
            "condition_title": null,
            "member": "serviceAccount:jenkins-workload-sa@project-10094705-9153-43d5-bb8.iam.gserviceaccount.com",
            "project": "project-10094705-9153-43d5-bb8",
            "role": "roles/artifactregistry.writer"
          },
          "private": "bnVsbA==",
          "dependencies": [
            "google_service_account.jenkins_gsa"
          ]
        }
      ]
    },
    {
      "mode": "managed",
      "type": "google_project_iam_member",
      "name": "jenkins_k8s_deployer",
      "provider": "provider[\"registry.terraform.io/hashicorp/google\"]",
      "instances": [
        {
          "schema_version": 0,
          "attributes": {
            "condition": [],
            "etag": "BwZcNjZ0l1k=",
            "id": "project-10094705-9153-43d5-bb8/roles/container.developer/serviceAccount:jenkins-workload-sa@project-10094705-9153-43d5-bb8.iam.gserviceaccount.com",
            "member": "serviceAccount:jenkins-workload-sa@project-10094705-9153-43d5-bb8.iam.gserviceaccount.com",
            "project": "project-10094705-9153-43d5-bb8",
            "role": "roles/container.developer"
          },
          "sensitive_attributes": [],
          "identity_schema_version": 1,
          "identity": {
            "condition_title": null,
            "member": "serviceAccount:jenkins-workload-sa@project-10094705-9153-43d5-bb8.iam.gserviceaccount.com",
            "project": "project-10094705-9153-43d5-bb8",
            "role": "roles/container.developer"
          },
          "private": "bnVsbA==",
          "dependencies": [
            "google_service_account.jenkins_gsa"
          ]
        }
      ]
    },
    {
      "mode": "managed",
      "type": "google_project_iam_member",
      "name": "jenkins_storage_admin",
      "provider": "provider[\"registry.terraform.io/hashicorp/google\"]",
      "instances": [
        {
          "schema_version": 0,
          "attributes": {
            "condition": [],
            "etag": "BwZcNjZ0l1k=",
            "id": "project-10094705-9153-43d5-bb8/roles/storage.admin/serviceAccount:jenkins-workload-sa@project-10094705-9153-43d5-bb8.iam.gserviceaccount.com",
            "member": "serviceAccount:jenkins-workload-sa@project-10094705-9153-43d5-bb8.iam.gserviceaccount.com",
            "project": "project-10094705-9153-43d5-bb8",
            "role": "roles/storage.admin"
          },
          "sensitive_attributes": [],
          "identity_schema_version": 1,
          "identity": {
            "condition_title": null,
            "member": "serviceAccount:jenkins-workload-sa@project-10094705-9153-43d5-bb8.iam.gserviceaccount.com",
            "project": "project-10094705-9153-43d5-bb8",
            "role": "roles/storage.admin"
          },
          "private": "bnVsbA==",
          "dependencies": [
            "google_service_account.jenkins_gsa"
          ]
        }
      ]
    },
    {
      "mode": "managed",
      "type": "google_service_account",
      "name": "jenkins_gsa",
      "provider": "provider[\"registry.terraform.io/hashicorp/google\"]",
      "instances": [
        {
          "schema_version": 0,
          "attributes": {
            "account_id": "jenkins-workload-sa",
            "create_ignore_already_exists": null,
            "deletion_policy": "DELETE",
            "description": "",
            "disabled": false,
            "display_name": "Jenkins Workload Identity SA",
            "email": "jenkins-workload-sa@project-10094705-9153-43d5-bb8.iam.gserviceaccount.com",
            "id": "projects/project-10094705-9153-43d5-bb8/serviceAccounts/jenkins-workload-sa@project-10094705-9153-43d5-bb8.iam.gserviceaccount.com",
            "member": "serviceAccount:jenkins-workload-sa@project-10094705-9153-43d5-bb8.iam.gserviceaccount.com",
            "name": "projects/project-10094705-9153-43d5-bb8/serviceAccounts/jenkins-workload-sa@project-10094705-9153-43d5-bb8.iam.gserviceaccount.com",
            "project": "project-10094705-9153-43d5-bb8",
            "timeouts": null,
            "unique_id": "112454390644850093814"
          },
          "sensitive_attributes": [],
          "identity_schema_version": 1,
          "identity": {
            "email": "jenkins-workload-sa@project-10094705-9153-43d5-bb8.iam.gserviceaccount.com",
            "project": "project-10094705-9153-43d5-bb8"
          },
          "private": "eyJlMmJmYjczMC1lY2FhLTExZTYtOGY4OC0zNDM2M2JjN2M0YzAiOnsiY3JlYXRlIjozMDAwMDAwMDAwMDB9fQ=="
        }
      ]
    },
    {
      "mode": "managed",
      "type": "google_service_account_iam_member",
      "name": "wi_binding",
      "provider": "provider[\"registry.terraform.io/hashicorp/google\"]",
      "instances": [
        {
          "schema_version": 0,
          "attributes": {
            "condition": [],
            "etag": "BwZcNjYq0Aw=",
            "id": "projects/project-10094705-9153-43d5-bb8/serviceAccounts/jenkins-workload-sa@project-10094705-9153-43d5-bb8.iam.gserviceaccount.com/roles/iam.workloadIdentityUser/serviceAccount:project-10094705-9153-43d5-bb8.svc.id.goog[jenkins/jenkins-ksa]",
            "member": "serviceAccount:project-10094705-9153-43d5-bb8.svc.id.goog[jenkins/jenkins-ksa]",
            "role": "roles/iam.workloadIdentityUser",
            "service_account_id": "projects/project-10094705-9153-43d5-bb8/serviceAccounts/jenkins-workload-sa@project-10094705-9153-43d5-bb8.iam.gserviceaccount.com"
          },
          "sensitive_attributes": [],
          "identity_schema_version": 1,
          "identity": {
            "condition_title": null,
            "member": "serviceAccount:project-10094705-9153-43d5-bb8.svc.id.goog[jenkins/jenkins-ksa]",
            "role": "roles/iam.workloadIdentityUser",
            "service_account_id": "projects/project-10094705-9153-43d5-bb8/serviceAccounts/jenkins-workload-sa@project-10094705-9153-43d5-bb8.iam.gserviceaccount.com"
          },
          "private": "bnVsbA==",
          "dependencies": [
            "google_service_account.jenkins_gsa"
          ]
        }
      ]
    }
  ],
  "check_results": null
}
